
Microsoft Visual Studio Solution File, Format Version 12.00
# Visual Studio Version 17
VisualStudioVersion = 17.12.35309.182
MinimumVisualStudioVersion = 10.0.40219.1
Project("{FAE04EC0-301F-11D3-BF4B-00C04F79EFBC}") = "BlazorHolPwa", "BlazorHolPwa\BlazorHolPwa.csproj", "{15D83B15-3770-4843-A9BE-6DFAA9F7721C}"
EndProject
Global
	GlobalSection(SolutionConfigurationPlatforms) = preSolution
		Debug|Any CPU = Debug|Any CPU
		Release|Any CPU = Release|Any CPU
	EndGlobalSection
	GlobalSection(ProjectConfigurationPlatforms) = postSolution
		{15D83B15-3770-4843-A9BE-6DFAA9F7721C}.Debug|Any CPU.ActiveCfg = Debug|Any CPU
		{15D83B15-3770-4843-A9BE-6DFAA9F7721C}.Debug|Any CPU.Build.0 = Debug|Any CPU
		{15D83B15-3770-4843-A9BE-6DFAA9F7721C}.Release|Any CPU.ActiveCfg = Release|Any CPU
		{15D83B15-3770-4843-A9BE-6DFAA9F7721C}.Release|Any CPU.Build.0 = Release|Any CPU
	EndGlobalSection
	GlobalSection(SolutionProperties) = preSolution
		HideSolutionNode = FALSE
	EndGlobalSection
	GlobalSection(ExtensibilityGlobals) = postSolution
		SolutionGuid = {16773C6F-A26C-4376-BFAF-C725AFA0E526}
	EndGlobalSection
EndGlobal
