
Microsoft Visual Studio Solution File, Format Version 12.00
# Visual Studio Version 17
VisualStudioVersion = 17.12.35309.182
MinimumVisualStudioVersion = 10.0.40219.1
Project("{FAE04EC0-301F-11D3-BF4B-00C04F79EFBC}") = "BlazorCallingAPIs", "BlazorCallingAPIs\BlazorCallingAPIs\BlazorCallingAPIs.csproj", "{15E35D90-7B1E-4385-8D70-EE8E4BD21161}"
EndProject
Project("{FAE04EC0-301F-11D3-BF4B-00C04F79EFBC}") = "BlazorCallingAPIs.Client", "BlazorCallingAPIs\BlazorCallingAPIs.Client\BlazorCallingAPIs.Client.csproj", "{B31DFB92-A578-4534-9DFE-A51019B7C8E3}"
EndProject
Project("{FAE04EC0-301F-11D3-BF4B-00C04F79EFBC}") = "AppServer", "AppServer\AppServer.csproj", "{FA3CD35A-FC8C-466C-B794-A536B1DC6946}"
EndProject
Global
	GlobalSection(SolutionConfigurationPlatforms) = preSolution
		Debug|Any CPU = Debug|Any CPU
		Release|Any CPU = Release|Any CPU
	EndGlobalSection
	GlobalSection(ProjectConfigurationPlatforms) = postSolution
		{15E35D90-7B1E-4385-8D70-EE8E4BD21161}.Debug|Any CPU.ActiveCfg = Debug|Any CPU
		{15E35D90-7B1E-4385-8D70-EE8E4BD21161}.Debug|Any CPU.Build.0 = Debug|Any CPU
		{15E35D90-7B1E-4385-8D70-EE8E4BD21161}.Release|Any CPU.ActiveCfg = Release|Any CPU
		{15E35D90-7B1E-4385-8D70-EE8E4BD21161}.Release|Any CPU.Build.0 = Release|Any CPU
		{B31DFB92-A578-4534-9DFE-A51019B7C8E3}.Debug|Any CPU.ActiveCfg = Debug|Any CPU
		{B31DFB92-A578-4534-9DFE-A51019B7C8E3}.Debug|Any CPU.Build.0 = Debug|Any CPU
		{B31DFB92-A578-4534-9DFE-A51019B7C8E3}.Release|Any CPU.ActiveCfg = Release|Any CPU
		{B31DFB92-A578-4534-9DFE-A51019B7C8E3}.Release|Any CPU.Build.0 = Release|Any CPU
		{FA3CD35A-FC8C-466C-B794-A536B1DC6946}.Debug|Any CPU.ActiveCfg = Debug|Any CPU
		{FA3CD35A-FC8C-466C-B794-A536B1DC6946}.Debug|Any CPU.Build.0 = Debug|Any CPU
		{FA3CD35A-FC8C-466C-B794-A536B1DC6946}.Release|Any CPU.ActiveCfg = Release|Any CPU
		{FA3CD35A-FC8C-466C-B794-A536B1DC6946}.Release|Any CPU.Build.0 = Release|Any CPU
	EndGlobalSection
	GlobalSection(SolutionProperties) = preSolution
		HideSolutionNode = FALSE
	EndGlobalSection
	GlobalSection(ExtensibilityGlobals) = postSolution
		SolutionGuid = {6D7A8707-194B-4071-A863-4D90284F1A8D}
	EndGlobalSection
EndGlobal
