
Microsoft Visual Studio Solution File, Format Version 12.00
# Visual Studio Version 17
VisualStudioVersion = 17.12.35309.182
MinimumVisualStudioVersion = 10.0.40219.1
Project("{FAE04EC0-301F-11D3-BF4B-00C04F79EFBC}") = "BlazorHolDataAccess.Client", "BlazorHolDataAccess\BlazorHolDataAccess.Client\BlazorHolDataAccess.Client.csproj", "{5C0C614A-1EC8-4617-91B7-0AE9C43EE0B7}"
EndProject
Project("{FAE04EC0-301F-11D3-BF4B-00C04F79EFBC}") = "BlazorHolDataAccess", "BlazorHolDataAccess\BlazorHolDataAccess\BlazorHolDataAccess.csproj", "{E3861A59-F48D-43D1-ADC1-932CB58E586A}"
EndProject
Global
	GlobalSection(SolutionConfigurationPlatforms) = preSolution
		Debug|Any CPU = Debug|Any CPU
		Release|Any CPU = Release|Any CPU
	EndGlobalSection
	GlobalSection(ProjectConfigurationPlatforms) = postSolution
		{5C0C614A-1EC8-4617-91B7-0AE9C43EE0B7}.Debug|Any CPU.ActiveCfg = Debug|Any CPU
		{5C0C614A-1EC8-4617-91B7-0AE9C43EE0B7}.Debug|Any CPU.Build.0 = Debug|Any CPU
		{5C0C614A-1EC8-4617-91B7-0AE9C43EE0B7}.Release|Any CPU.ActiveCfg = Release|Any CPU
		{5C0C614A-1EC8-4617-91B7-0AE9C43EE0B7}.Release|Any CPU.Build.0 = Release|Any CPU
		{E3861A59-F48D-43D1-ADC1-932CB58E586A}.Debug|Any CPU.ActiveCfg = Debug|Any CPU
		{E3861A59-F48D-43D1-ADC1-932CB58E586A}.Debug|Any CPU.Build.0 = Debug|Any CPU
		{E3861A59-F48D-43D1-ADC1-932CB58E586A}.Release|Any CPU.ActiveCfg = Release|Any CPU
		{E3861A59-F48D-43D1-ADC1-932CB58E586A}.Release|Any CPU.Build.0 = Release|Any CPU
	EndGlobalSection
	GlobalSection(SolutionProperties) = preSolution
		HideSolutionNode = FALSE
	EndGlobalSection
	GlobalSection(ExtensibilityGlobals) = postSolution
		SolutionGuid = {003C9D87-1A3E-48F4-AF64-4A02E21B61C3}
	EndGlobalSection
EndGlobal
