
Microsoft Visual Studio Solution File, Format Version 12.00
# Visual Studio Version 17
VisualStudioVersion = 17.12.35209.166
MinimumVisualStudioVersion = 10.0.40219.1
Project("{FAE04EC0-301F-11D3-BF4B-00C04F79EFBC}") = "BlazorHolEntraId", "BlazorHolEntraId\BlazorHolEntraId.csproj", "{48271B65-131A-4DA5-9A5E-C8360036A5EF}"
EndProject
Global
	GlobalSection(SolutionConfigurationPlatforms) = preSolution
		Debug|Any CPU = Debug|Any CPU
		Release|Any CPU = Release|Any CPU
	EndGlobalSection
	GlobalSection(ProjectConfigurationPlatforms) = postSolution
		{48271B65-131A-4DA5-9A5E-C8360036A5EF}.Debug|Any CPU.ActiveCfg = Debug|Any CPU
		{48271B65-131A-4DA5-9A5E-C8360036A5EF}.Debug|Any CPU.Build.0 = Debug|Any CPU
		{48271B65-131A-4DA5-9A5E-C8360036A5EF}.Release|Any CPU.ActiveCfg = Release|Any CPU
		{48271B65-131A-4DA5-9A5E-C8360036A5EF}.Release|Any CPU.Build.0 = Release|Any CPU
	EndGlobalSection
	GlobalSection(SolutionProperties) = preSolution
		HideSolutionNode = FALSE
	EndGlobalSection
	GlobalSection(ExtensibilityGlobals) = postSolution
		SolutionGuid = {77AA44A2-208C-4676-8D97-A226D8C33E5A}
	EndGlobalSection
EndGlobal
