
Microsoft Visual Studio Solution File, Format Version 12.00
# Visual Studio Version 17
VisualStudioVersion = 17.12.35309.182
MinimumVisualStudioVersion = 10.0.40219.1
Project("{FAE04EC0-301F-11D3-BF4B-00C04F79EFBC}") = "BlazorHolDataAccess", "BlazorHolDataAccess\BlazorHolDataAccess\BlazorHolDataAccess.csproj", "{A94C9EC3-4AB2-49DB-9B5A-76991D9CEE89}"
EndProject
Project("{FAE04EC0-301F-11D3-BF4B-00C04F79EFBC}") = "BlazorHolDataAccess.Client", "BlazorHolDataAccess\BlazorHolDataAccess.Client\BlazorHolDataAccess.Client.csproj", "{123EF097-D131-463E-8701-CF439B618A60}"
EndProject
Global
	GlobalSection(SolutionConfigurationPlatforms) = preSolution
		Debug|Any CPU = Debug|Any CPU
		Release|Any CPU = Release|Any CPU
	EndGlobalSection
	GlobalSection(ProjectConfigurationPlatforms) = postSolution
		{A94C9EC3-4AB2-49DB-9B5A-76991D9CEE89}.Debug|Any CPU.ActiveCfg = Debug|Any CPU
		{A94C9EC3-4AB2-49DB-9B5A-76991D9CEE89}.Debug|Any CPU.Build.0 = Debug|Any CPU
		{A94C9EC3-4AB2-49DB-9B5A-76991D9CEE89}.Release|Any CPU.ActiveCfg = Release|Any CPU
		{A94C9EC3-4AB2-49DB-9B5A-76991D9CEE89}.Release|Any CPU.Build.0 = Release|Any CPU
		{123EF097-D131-463E-8701-CF439B618A60}.Debug|Any CPU.ActiveCfg = Debug|Any CPU
		{123EF097-D131-463E-8701-CF439B618A60}.Debug|Any CPU.Build.0 = Debug|Any CPU
		{123EF097-D131-463E-8701-CF439B618A60}.Release|Any CPU.ActiveCfg = Release|Any CPU
		{123EF097-D131-463E-8701-CF439B618A60}.Release|Any CPU.Build.0 = Release|Any CPU
	EndGlobalSection
	GlobalSection(SolutionProperties) = preSolution
		HideSolutionNode = FALSE
	EndGlobalSection
	GlobalSection(ExtensibilityGlobals) = postSolution
		SolutionGuid = {75013E7A-B48C-482A-AC58-4C464AA979C7}
	EndGlobalSection
EndGlobal
