
Microsoft Visual Studio Solution File, Format Version 12.00
# Visual Studio Version 17
VisualStudioVersion = 17.12.35309.182
MinimumVisualStudioVersion = 10.0.40219.1
Project("{FAE04EC0-301F-11D3-BF4B-00C04F79EFBC}") = "BlazorStyles", "BlazorStyles\BlazorStyles\BlazorStyles.csproj", "{DF11985E-554A-4C34-8D0A-17DACFA4BA41}"
EndProject
Project("{FAE04EC0-301F-11D3-BF4B-00C04F79EFBC}") = "BlazorStyles.Client", "BlazorStyles\BlazorStyles.Client\BlazorStyles.Client.csproj", "{39AE81D1-EB68-49E1-9EBC-1E0FAEEEB3E5}"
EndProject
Global
	GlobalSection(SolutionConfigurationPlatforms) = preSolution
		Debug|Any CPU = Debug|Any CPU
		Release|Any CPU = Release|Any CPU
	EndGlobalSection
	GlobalSection(ProjectConfigurationPlatforms) = postSolution
		{DF11985E-554A-4C34-8D0A-17DACFA4BA41}.Debug|Any CPU.ActiveCfg = Debug|Any CPU
		{DF11985E-554A-4C34-8D0A-17DACFA4BA41}.Debug|Any CPU.Build.0 = Debug|Any CPU
		{DF11985E-554A-4C34-8D0A-17DACFA4BA41}.Release|Any CPU.ActiveCfg = Release|Any CPU
		{DF11985E-554A-4C34-8D0A-17DACFA4BA41}.Release|Any CPU.Build.0 = Release|Any CPU
		{39AE81D1-EB68-49E1-9EBC-1E0FAEEEB3E5}.Debug|Any CPU.ActiveCfg = Debug|Any CPU
		{39AE81D1-EB68-49E1-9EBC-1E0FAEEEB3E5}.Debug|Any CPU.Build.0 = Debug|Any CPU
		{39AE81D1-EB68-49E1-9EBC-1E0FAEEEB3E5}.Release|Any CPU.ActiveCfg = Release|Any CPU
		{39AE81D1-EB68-49E1-9EBC-1E0FAEEEB3E5}.Release|Any CPU.Build.0 = Release|Any CPU
	EndGlobalSection
	GlobalSection(SolutionProperties) = preSolution
		HideSolutionNode = FALSE
	EndGlobalSection
	GlobalSection(ExtensibilityGlobals) = postSolution
		SolutionGuid = {FC5C3EFF-44CD-4FD7-9C19-D869238DE40F}
	EndGlobalSection
EndGlobal
