
Microsoft Visual Studio Solution File, Format Version 12.00
# Visual Studio Version 17
VisualStudioVersion = 17.12.35309.182
MinimumVisualStudioVersion = 10.0.40219.1
Project("{FAE04EC0-301F-11D3-BF4B-00C04F79EFBC}") = "BlazorHolJsInterop", "BlazorHolJsInterop\BlazorHolJsInterop.csproj", "{60825634-CD80-422D-8E76-D05A1AEB06C7}"
EndProject
Global
	GlobalSection(SolutionConfigurationPlatforms) = preSolution
		Debug|Any CPU = Debug|Any CPU
		Release|Any CPU = Release|Any CPU
	EndGlobalSection
	GlobalSection(ProjectConfigurationPlatforms) = postSolution
		{60825634-CD80-422D-8E76-D05A1AEB06C7}.Debug|Any CPU.ActiveCfg = Debug|Any CPU
		{60825634-CD80-422D-8E76-D05A1AEB06C7}.Debug|Any CPU.Build.0 = Debug|Any CPU
		{60825634-CD80-422D-8E76-D05A1AEB06C7}.Release|Any CPU.ActiveCfg = Release|Any CPU
		{60825634-CD80-422D-8E76-D05A1AEB06C7}.Release|Any CPU.Build.0 = Release|Any CPU
	EndGlobalSection
	GlobalSection(SolutionProperties) = preSolution
		HideSolutionNode = FALSE
	EndGlobalSection
	GlobalSection(ExtensibilityGlobals) = postSolution
		SolutionGuid = {7654AB68-D391-4E73-B20C-965610BAF1E1}
	EndGlobalSection
EndGlobal
