
Microsoft Visual Studio Solution File, Format Version 12.00
# Visual Studio Version 17
VisualStudioVersion = 17.12.35209.166
MinimumVisualStudioVersion = 10.0.40219.1
Project("{FAE04EC0-301F-11D3-BF4B-00C04F79EFBC}") = "BlazorHolStyling", "BlazorHolStyling\BlazorHolStyling\BlazorHolStyling.csproj", "{4656290B-8F6F-4FDA-8DAC-AFEDF633EBBE}"
EndProject
Project("{FAE04EC0-301F-11D3-BF4B-00C04F79EFBC}") = "BlazorHolStyling.Client", "BlazorHolStyling\BlazorHolStyling.Client\BlazorHolStyling.Client.csproj", "{3C855799-A40B-4E26-8411-5B3AAFDF1003}"
EndProject
Global
	GlobalSection(SolutionConfigurationPlatforms) = preSolution
		Debug|Any CPU = Debug|Any CPU
		Release|Any CPU = Release|Any CPU
	EndGlobalSection
	GlobalSection(ProjectConfigurationPlatforms) = postSolution
		{4656290B-8F6F-4FDA-8DAC-AFEDF633EBBE}.Debug|Any CPU.ActiveCfg = Debug|Any CPU
		{4656290B-8F6F-4FDA-8DAC-AFEDF633EBBE}.Debug|Any CPU.Build.0 = Debug|Any CPU
		{4656290B-8F6F-4FDA-8DAC-AFEDF633EBBE}.Release|Any CPU.ActiveCfg = Release|Any CPU
		{4656290B-8F6F-4FDA-8DAC-AFEDF633EBBE}.Release|Any CPU.Build.0 = Release|Any CPU
		{3C855799-A40B-4E26-8411-5B3AAFDF1003}.Debug|Any CPU.ActiveCfg = Debug|Any CPU
		{3C855799-A40B-4E26-8411-5B3AAFDF1003}.Debug|Any CPU.Build.0 = Debug|Any CPU
		{3C855799-A40B-4E26-8411-5B3AAFDF1003}.Release|Any CPU.ActiveCfg = Release|Any CPU
		{3C855799-A40B-4E26-8411-5B3AAFDF1003}.Release|Any CPU.Build.0 = Release|Any CPU
	EndGlobalSection
	GlobalSection(SolutionProperties) = preSolution
		HideSolutionNode = FALSE
	EndGlobalSection
	GlobalSection(ExtensibilityGlobals) = postSolution
		SolutionGuid = {13CB0B12-3939-427A-8504-C981269066CB}
	EndGlobalSection
EndGlobal
